// !$*UTF8*$!
{
	archiveVersion = 1;
	classes = {
	};
	objectVersion = 46;
	objects = {

/* Begin PBXBuildFile section */
		4AF964F01C8D13AC002DA353 /* AppDelegate.swift in Sources */ = {isa = PBXBuildFile; fileRef = 4AF964EF1C8D13AC002DA353 /* AppDelegate.swift */; };
		4AF964F21C8D13AC002DA353 /* ViewController.swift in Sources */ = {isa = PBXBuildFile; fileRef = 4AF964F11C8D13AC002DA353 /* ViewController.swift */; };
		4AF964F51C8D13AC002DA353 /* Main.storyboard in Resources */ = {isa = PBXBuildFile; fileRef = 4AF964F31C8D13AC002DA353 /* Main.storyboard */; };
		4AF964F71C8D13AC002DA353 /* Assets.xcassets in Resources */ = {isa = PBXBuildFile; fileRef = 4AF964F61C8D13AC002DA353 /* Assets.xcassets */; };
		4AF964FA1C8D13AC002DA353 /* LaunchScreen.storyboard in Resources */ = {isa = PBXBuildFile; fileRef = 4AF964F81C8D13AC002DA353 /* LaunchScreen.storyboard */; };
/* End PBXBuildFile section */

/* Begin PBXFileReference section */
		4AF964EC1C8D13AC002DA353 /* thortonfun.app */ = {isa = PBXFileReference; explicitFileType = wrapper.application; includeInIndex = 0; path = thortonfun.app; sourceTree = BUILT_PRODUCTS_DIR; };
		4AF964EF1C8D13AC002DA353 /* AppDelegate.swift */ = {isa = PBXFileReference; lastKnownFileType = sourcecode.swift; path = AppDelegate.swift; sourceTree = "<group>"; };
		4AF964F11C8D13AC002DA353 /* ViewController.swift */ = {isa = PBXFileReference; lastKnownFileType = sourcecode.swift; path = ViewController.swift; sourceTree = "<group>"; };
		4AF964F41C8D13AC002DA353 /* Base */ = {isa = PBXFileReference; lastKnownFileType = file.storyboard; name = Base; path = Base.lproj/Main.storyboard; sourceTree = "<group>"; };
		4AF964F61C8D13AC002DA353 /* Assets.xcassets */ = {isa = PBXFileReference; lastKnownFileType = folder.assetcatalog; path = Assets.xcassets; sourceTree = "<group>"; };
		4AF964F91C8D13AC002DA353 /* Base */ = {isa = PBXFileReference; lastKnownFileType = file.storyboard; name = Base; path = Base.lproj/LaunchScreen.storyboard; sourceTree = "<group>"; };
		4AF964FB1C8D13AC002DA353 /* Info.plist */ = {isa = PBXFileReference; lastKnownFileType = text.plist.xml; path = Info.plist; sourceTree = "<group>"; };
/* End PBXFileReference section */

/* Begin PBXFrameworksBuildPhase section */
		4AF964E91C8D13AC002DA353 /* Frameworks */ = {
			isa = PBXFrameworksBuildPhase;
			buildActionMask = 2147483647;
			files = (
			);
			runOnlyForDeploymentPostprocessing = 0;
		};
/* End PBXFrameworksBuildPhase section */

/* Begin PBXGroup section */
		4AF964E31C8D13AC002DA353 = {
			isa = PBXGroup;
			children = (
				4AF964EE1C8D13AC002DA353 /* thortonfun */,
				4AF964ED1C8D13AC002DA353 /* Products */,
			);
			sourceTree = "<group>";
		};
		4AF964ED1C8D13AC002DA353 /* Products */ = {
			isa = PBXGroup;
			children = (
				4AF964EC1C8D13AC002DA353 /* thortonfun.app */,
			);
			name = Products;
			sourceTree = "<group>";
		};
		4AF964EE1C8D13AC002DA353 /* thortonfun */ = {
			isa = PBXGroup;
			children = (
				4AF964EF1C8D13AC002DA353 /* AppDelegate.swift */,
				4AF964F11C8D13AC002DA353 /* ViewController.swift */,
				4AF964F31C8D13AC002DA353 /* Main.storyboard */,
				4AF964F61C8D13AC002DA353 /* Assets.xcassets */,
				4AF964F81C8D13AC002DA353 /* LaunchScreen.storyboard */,
				4AF964FB1C8D13AC002DA353 /* Info.plist */,
			);
			path = thortonfun;
			sourceTree = "<group>";
		};
/* End PBXGroup section */

/* Begin PBXNativeTarget section */
		4AF964EB1C8D13AC002DA353 /* thortonfun */ = {
			isa = PBXNativeTarget;
			buildConfigurationList = 4AF964FE1C8D13AC002DA353 /* Build configuration list for PBXNativeTarget "thortonfun" */;
			buildPhases = (
				4AF964E81C8D13AC002DA353 /* Sources */,
				4AF964E91C8D13AC002DA353 /* Frameworks */,
				4AF964EA1C8D13AC002DA353 /* Resources */,
			);
			buildRules = (
			);
			dependencies = (
			);
			name = thortonfun;
			productName = thortonfun;
			productReference = 4AF964EC1C8D13AC002DA353 /* thortonfun.app */;
			productType = "com.apple.product-type.application";
		};
/* End PBXNativeTarget section */

/* Begin PBXProject section */
		4AF964E41C8D13AC002DA353 /* Project object */ = {
			isa = PBXProject;
			attributes = {
				LastSwiftUpdateCheck = 0720;
				LastUpgradeCheck = 0720;
				ORGANIZATIONNAME = 9red7;
				TargetAttributes = {
					4AF964EB1C8D13AC002DA353 = {
						CreatedOnToolsVersion = 7.2.1;
					};
				};
			};
			buildConfigurationList = 4AF964E71C8D13AC002DA353 /* Build configuration list for PBXProject "thortonfun" */;
			compatibilityVersion = "Xcode 3.2";
			developmentRegion = English;
			hasScannedForEncodings = 0;
			knownRegions = (
				en,
				Base,
			);
			mainGroup = 4AF964E31C8D13AC002DA353;
			productRefGroup = 4AF964ED1C8D13AC002DA353 /* Products */;
			projectDirPath = "";
			projectRoot = "";
			targets = (
				4AF964EB1C8D13AC002DA353 /* thortonfun */,
			);
		};
/* End PBXProject section */

/* Begin PBXResourcesBuildPhase section */
		4AF964EA1C8D13AC002DA353 /* Resources */ = {
			isa = PBXResourcesBuildPhase;
			buildActionMask = 2147483647;
			files = (
				4AF964FA1C8D13AC002DA353 /* LaunchScreen.storyboard in Resources */,
				4AF964F71C8D13AC002DA353 /* Assets.xcassets in Resources */,
				4AF964F51C8D13AC002DA353 /* Main.storyboard in Resources */,
			);
			runOnlyForDeploymentPostprocessing = 0;
		};
/* End PBXResourcesBuildPhase section */

/* Begin PBXSourcesBuildPhase section */
		4AF964E81C8D13AC002DA353 /* Sources */ = {
			isa = PBXSourcesBuildPhase;
			buildActionMask = 2147483647;
			files = (
				4AF964F21C8D13AC002DA353 /* ViewController.swift in Sources */,
				4AF964F01C8D13AC002DA353 /* AppDelegate.swift in Sources */,
			);
			runOnlyForDeploymentPostprocessing = 0;
		};
/* End PBXSourcesBuildPhase section */

/* Begin PBXVariantGroup section */
		4AF964F31C8D13AC002DA353 /* Main.storyboard */ = {
			isa = PBXVariantGroup;
			children = (
				4AF964F41C8D13AC002DA353 /* Base */,
			);
			name = Main.storyboard;
			sourceTree = "<group>";
		};
		4AF964F81C8D13AC002DA353 /* LaunchScreen.storyboard */ = {
			isa = PBXVariantGroup;
			children = (
				4AF964F91C8D13AC002DA353 /* Base */,
			);
			name = LaunchScreen.storyboard;
			sourceTree = "<group>";
		};
/* End PBXVariantGroup section */

/* Begin XCBuildConfiguration section */
		4AF964FC1C8D13AC002DA353 /* Debug */ = {
			isa = XCBuildConfiguration;
			buildSettings = {
				ALWAYS_SEARCH_USER_PATHS = NO;
				CLANG_CXX_LANGUAGE_STANDARD = "gnu++0x";
				CLANG_CXX_LIBRARY = "libc++";
				CLANG_ENABLE_MODULES = YES;
				CLANG_ENABLE_OBJC_ARC = YES;
				CLANG_WARN_BOOL_CONVERSION = YES;
				CLANG_WARN_CONSTANT_CONVERSION = YES;
				CLANG_WARN_DIRECT_OBJC_ISA_USAGE = YES_ERROR;
				CLANG_WARN_EMPTY_BODY = YES;
				CLANG_WARN_ENUM_CONVERSION = YES;
				CLANG_WARN_INT_CONVERSION = YES;
				CLANG_WARN_OBJC_ROOT_CLASS = YES_ERROR;
				CLANG_WARN_UNREACHABLE_CODE = YES;
				CLANG_WARN__DUPLICATE_METHOD_MATCH = YES;
				"CODE_SIGN_IDENTITY[sdk=iphoneos*]" = "iPhone Developer";
				COPY_PHASE_STRIP = NO;
				DEBUG_INFORMATION_FORMAT = dwarf;
				ENABLE_STRICT_OBJC_MSGSEND = YES;
				ENABLE_TESTABILITY = YES;
				GCC_C_LANGUAGE_STANDARD = gnu99;
				GCC_DYNAMIC_NO_PIC = NO;
				GCC_NO_COMMON_BLOCKS = YES;
				GCC_OPTIMIZATION_LEVEL = 0;
				GCC_PREPROCESSOR_DEFINITIONS = (
					"DEBUG=1",
					"$(inherited)",
				);
				GCC_WARN_64_TO_32_BIT_CONVERSION = YES;
				GCC_WARN_ABOUT_RETURN_TYPE = YES_ERROR;
				GCC_WARN_UNDECLARED_SELECTOR = YES;
				GCC_WARN_UNINITIALIZED_AUTOS = YES_AGGRESSIVE;
				GCC_WARN_UNUSED_FUNCTION = YES;
				GCC_WARN_UNUSED_VARIABLE = YES;
				IPHONEOS_DEPLOYMENT_TARGET = 9.2;
				MTL_ENABLE_DEBUG_INFO = YES;
				ONLY_ACTIVE_ARCH = YES;
				SDKROOT = iphoneos;
				SWIFT_OPTIMIZATION_LEVEL = "-Onone";
				TARGETED_DEVICE_FAMILY = "1,2";
			};
			name = Debug;
		};
		4AF964FD1C8D13AC002DA353 /* Release */ = {
			isa = XCBuildConfiguration;
			buildSettings = {
				ALWAYS_SEARCH_USER_PATHS = NO;
				CLANG_CXX_LANGUAGE_STANDARD = "gnu++0x";
				CLANG_CXX_LIBRARY = "libc++";
				CLANG_ENABLE_MODULES = YES;
				CLANG_ENABLE_OBJC_ARC = YES;
				CLANG_WARN_BOOL_CONVERSION = YES;
				CLANG_WARN_CONSTANT_CONVERSION = YES;
				CLANG_WARN_DIRECT_OBJC_ISA_USAGE = YES_ERROR;
				CLANG_WARN_EMPTY_BODY = YES;
				CLANG_WARN_ENUM_CONVERSION = YES;
				CLANG_WARN_INT_CONVERSION = YES;
				CLANG_WARN_OBJC_ROOT_CLASS = YES_ERROR;
				CLANG_WARN_UNREACHABLE_CODE = YES;
				CLANG_WARN__DUPLICATE_METHOD_MATCH = YES;
				"CODE_SIGN_IDENTITY[sdk=iphoneos*]" = "iPhone Developer";
				COPY_PHASE_STRIP = NO;
				DEBUG_INFORMATION_FORMAT = "dwarf-with-dsym";
				ENABLE_NS_ASSERTIONS = NO;
				ENABLE_STRICT_OBJC_MSGSEND = YES;
				GCC_C_LANGUAGE_STANDARD = gnu99;
				GCC_NO_COMMON_BLOCKS = YES;
				GCC_WARN_64_TO_32_BIT_CONVERSION = YES;
				GCC_WARN_ABOUT_RETURN_TYPE = YES_ERROR;
				GCC_WARN_UNDECLARED_SELECTOR = YES;
				GCC_WARN_UNINITIALIZED_AUTOS = YES_AGGRESSIVE;
				GCC_WARN_UNUSED_FUNCTION = YES;
				GCC_WARN_UNUSED_VARIABLE = YES;
				IPHONEOS_DEPLOYMENT_TARGET = 9.2;
				MTL_ENABLE_DEBUG_INFO = NO;
				SDKROOT = iphoneos;
				TARGETED_DEVICE_FAMILY = "1,2";
				VALIDATE_PRODUCT = YES;
			};
			name = Release;
		};
		4AF964FF1C8D13AC002DA353 /* Debug */ = {
			isa = XCBuildConfiguration;
			buildSettings = {
				ASSETCATALOG_COMPILER_APPICON_NAME = AppIcon;
				INFOPLIST_FILE = thortonfun/Info.plist;
				LD_RUNPATH_SEARCH_PATHS = "$(inherited) @executable_path/Frameworks";
				PRODUCT_BUNDLE_IDENTIFIER = com.9red7.thortonfun;
				PRODUCT_NAME = "$(TARGET_NAME)";
			};
			name = Debug;
		};
		4AF965001C8D13AC002DA353 /* Release */ = {
			isa = XCBuildConfiguration;
			buildSettings = {
				ASSETCATALOG_COMPILER_APPICON_NAME = AppIcon;
				INFOPLIST_FILE = thortonfun/Info.plist;
				LD_RUNPATH_SEARCH_PATHS = "$(inherited) @executable_path/Frameworks";
				PRODUCT_BUNDLE_IDENTIFIER = com.9red7.thortonfun;
				PRODUCT_NAME = "$(TARGET_NAME)";
			};
			name = Release;
		};
/* End XCBuildConfiguration section */

/* Begin XCConfigurationList section */
		4AF964E71C8D13AC002DA353 /* Build configuration list for PBXProject "thortonfun" */ = {
			isa = XCConfigurationList;
			buildConfigurations = (
				4AF964FC1C8D13AC002DA353 /* Debug */,
				4AF964FD1C8D13AC002DA353 /* Release */,
			);
			defaultConfigurationIsVisible = 0;
			defaultConfigurationName = Release;
		};
		4AF964FE1C8D13AC002DA353 /* Build configuration list for PBXNativeTarget "thortonfun" */ = {
			isa = XCConfigurationList;
			buildConfigurations = (
				4AF964FF1C8D13AC002DA353 /* Debug */,
				4AF965001C8D13AC002DA353 /* Release */,
			);
			defaultConfigurationIsVisible = 0;
		};
/* End XCConfigurationList section */
	};
	rootObject = 4AF964E41C8D13AC002DA353 /* Project object */;
}
